
Microsoft Visual Studio Solution File, Format Version 12.00
# Visual Studio Version 17
VisualStudioVersion = 17.3.32922.545
MinimumVisualStudioVersion = 10.0.40219.1
Project("{8BC9CEB8-8B4A-11D0-8D11-00A0C91BC942}") = "ColourfulTriangle", "Project1\Project1.vcxproj", "{F8077397-9B49-44B8-82CA-035B8CBA924F}"
EndProject
Project("{8BC9CEB8-8B4A-11D0-8D11-00A0C91BC942}") = "Square", "RotatingSquare\RotatingSquare.vcxproj", "{A4905406-9AB2-476A-A6AE-B9379A0E2E2A}"
EndProject
Project("{8BC9CEB8-8B4A-11D0-8D11-00A0C91BC942}") = "CircleDrawing", "CircleDrawing\CircleDrawing.vcxproj", "{7A56E1D5-AA17-420F-B440-08181F85B1B8}"
EndProject
Project("{8BC9CEB8-8B4A-11D0-8D11-00A0C91BC942}") = "Colourful T", "Colourful T\Colourful T.vcxproj", "{C1EDEE2E-954D-4557-8319-BD4A94708CE0}"
EndProject
Project("{8BC9CEB8-8B4A-11D0-8D11-00A0C91BC942}") = "Rainbow Line", "Rainbow Line\Rainbow Line.vcxproj", "{09400568-B748-441F-BCC3-02A42B3DCE25}"
EndProject
Project("{8BC9CEB8-8B4A-11D0-8D11-00A0C91BC942}") = "GL Primitives", "GL Primitives\GL Primitives.vcxproj", "{D666C7E2-2BDD-4CDA-ADBB-095F0F46BE6E}"
EndProject
Project("{8BC9CEB8-8B4A-11D0-8D11-00A0C91BC942}") = "Shaded Triangle", "Shaded Triangle\Shaded Triangle.vcxproj", "{99FFB83A-E2F0-4AB9-A303-AB8A2E777043}"
EndProject
Project("{8BC9CEB8-8B4A-11D0-8D11-00A0C91BC942}") = "Animation", "Animation\Animation.vcxproj", "{EB81FFAC-44BD-4B76-9B24-0944895F6AE3}"
EndProject
Project("{8BC9CEB8-8B4A-11D0-8D11-00A0C91BC942}") = "Assignment1", "Assignment1\Assignment1.vcxproj", "{0267944C-7FA2-42F6-9118-C97EFEE298FB}"
EndProject
Global
	GlobalSection(SolutionConfigurationPlatforms) = preSolution
		Debug|x64 = Debug|x64
		Debug|x86 = Debug|x86
		Release|x64 = Release|x64
		Release|x86 = Release|x86
	EndGlobalSection
	GlobalSection(ProjectConfigurationPlatforms) = postSolution
		{F8077397-9B49-44B8-82CA-035B8CBA924F}.Debug|x64.ActiveCfg = Debug|Win32
		{F8077397-9B49-44B8-82CA-035B8CBA924F}.Debug|x64.Build.0 = Debug|Win32
		{F8077397-9B49-44B8-82CA-035B8CBA924F}.Debug|x86.ActiveCfg = Debug|Win32
		{F8077397-9B49-44B8-82CA-035B8CBA924F}.Debug|x86.Build.0 = Debug|Win32
		{F8077397-9B49-44B8-82CA-035B8CBA924F}.Release|x64.ActiveCfg = Release|Win32
		{F8077397-9B49-44B8-82CA-035B8CBA924F}.Release|x64.Build.0 = Release|Win32
		{F8077397-9B49-44B8-82CA-035B8CBA924F}.Release|x86.ActiveCfg = Release|Win32
		{F8077397-9B49-44B8-82CA-035B8CBA924F}.Release|x86.Build.0 = Release|Win32
		{A4905406-9AB2-476A-A6AE-B9379A0E2E2A}.Debug|x64.ActiveCfg = Debug|x64
		{A4905406-9AB2-476A-A6AE-B9379A0E2E2A}.Debug|x64.Build.0 = Debug|x64
		{A4905406-9AB2-476A-A6AE-B9379A0E2E2A}.Debug|x86.ActiveCfg = Debug|Win32
		{A4905406-9AB2-476A-A6AE-B9379A0E2E2A}.Debug|x86.Build.0 = Debug|Win32
		{A4905406-9AB2-476A-A6AE-B9379A0E2E2A}.Release|x64.ActiveCfg = Release|x64
		{A4905406-9AB2-476A-A6AE-B9379A0E2E2A}.Release|x64.Build.0 = Release|x64
		{A4905406-9AB2-476A-A6AE-B9379A0E2E2A}.Release|x86.ActiveCfg = Release|Win32
		{A4905406-9AB2-476A-A6AE-B9379A0E2E2A}.Release|x86.Build.0 = Release|Win32
		{7A56E1D5-AA17-420F-B440-08181F85B1B8}.Debug|x64.ActiveCfg = Debug|x64
		{7A56E1D5-AA17-420F-B440-08181F85B1B8}.Debug|x64.Build.0 = Debug|x64
		{7A56E1D5-AA17-420F-B440-08181F85B1B8}.Debug|x86.ActiveCfg = Debug|Win32
		{7A56E1D5-AA17-420F-B440-08181F85B1B8}.Debug|x86.Build.0 = Debug|Win32
		{7A56E1D5-AA17-420F-B440-08181F85B1B8}.Release|x64.ActiveCfg = Release|x64
		{7A56E1D5-AA17-420F-B440-08181F85B1B8}.Release|x64.Build.0 = Release|x64
		{7A56E1D5-AA17-420F-B440-08181F85B1B8}.Release|x86.ActiveCfg = Release|Win32
		{7A56E1D5-AA17-420F-B440-08181F85B1B8}.Release|x86.Build.0 = Release|Win32
		{C1EDEE2E-954D-4557-8319-BD4A94708CE0}.Debug|x64.ActiveCfg = Debug|x64
		{C1EDEE2E-954D-4557-8319-BD4A94708CE0}.Debug|x64.Build.0 = Debug|x64
		{C1EDEE2E-954D-4557-8319-BD4A94708CE0}.Debug|x86.ActiveCfg = Debug|Win32
		{C1EDEE2E-954D-4557-8319-BD4A94708CE0}.Debug|x86.Build.0 = Debug|Win32
		{C1EDEE2E-954D-4557-8319-BD4A94708CE0}.Release|x64.ActiveCfg = Release|x64
		{C1EDEE2E-954D-4557-8319-BD4A94708CE0}.Release|x64.Build.0 = Release|x64
		{C1EDEE2E-954D-4557-8319-BD4A94708CE0}.Release|x86.ActiveCfg = Release|Win32
		{C1EDEE2E-954D-4557-8319-BD4A94708CE0}.Release|x86.Build.0 = Release|Win32
		{09400568-B748-441F-BCC3-02A42B3DCE25}.Debug|x64.ActiveCfg = Debug|x64
		{09400568-B748-441F-BCC3-02A42B3DCE25}.Debug|x64.Build.0 = Debug|x64
		{09400568-B748-441F-BCC3-02A42B3DCE25}.Debug|x86.ActiveCfg = Debug|Win32
		{09400568-B748-441F-BCC3-02A42B3DCE25}.Debug|x86.Build.0 = Debug|Win32
		{09400568-B748-441F-BCC3-02A42B3DCE25}.Release|x64.ActiveCfg = Release|x64
		{09400568-B748-441F-BCC3-02A42B3DCE25}.Release|x64.Build.0 = Release|x64
		{09400568-B748-441F-BCC3-02A42B3DCE25}.Release|x86.ActiveCfg = Release|Win32
		{09400568-B748-441F-BCC3-02A42B3DCE25}.Release|x86.Build.0 = Release|Win32
		{D666C7E2-2BDD-4CDA-ADBB-095F0F46BE6E}.Debug|x64.ActiveCfg = Debug|x64
		{D666C7E2-2BDD-4CDA-ADBB-095F0F46BE6E}.Debug|x64.Build.0 = Debug|x64
		{D666C7E2-2BDD-4CDA-ADBB-095F0F46BE6E}.Debug|x86.ActiveCfg = Debug|Win32
		{D666C7E2-2BDD-4CDA-ADBB-095F0F46BE6E}.Debug|x86.Build.0 = Debug|Win32
		{D666C7E2-2BDD-4CDA-ADBB-095F0F46BE6E}.Release|x64.ActiveCfg = Release|x64
		{D666C7E2-2BDD-4CDA-ADBB-095F0F46BE6E}.Release|x64.Build.0 = Release|x64
		{D666C7E2-2BDD-4CDA-ADBB-095F0F46BE6E}.Release|x86.ActiveCfg = Release|Win32
		{D666C7E2-2BDD-4CDA-ADBB-095F0F46BE6E}.Release|x86.Build.0 = Release|Win32
		{99FFB83A-E2F0-4AB9-A303-AB8A2E777043}.Debug|x64.ActiveCfg = Debug|x64
		{99FFB83A-E2F0-4AB9-A303-AB8A2E777043}.Debug|x64.Build.0 = Debug|x64
		{99FFB83A-E2F0-4AB9-A303-AB8A2E777043}.Debug|x86.ActiveCfg = Debug|Win32
		{99FFB83A-E2F0-4AB9-A303-AB8A2E777043}.Debug|x86.Build.0 = Debug|Win32
		{99FFB83A-E2F0-4AB9-A303-AB8A2E777043}.Release|x64.ActiveCfg = Release|x64
		{99FFB83A-E2F0-4AB9-A303-AB8A2E777043}.Release|x64.Build.0 = Release|x64
		{99FFB83A-E2F0-4AB9-A303-AB8A2E777043}.Release|x86.ActiveCfg = Release|Win32
		{99FFB83A-E2F0-4AB9-A303-AB8A2E777043}.Release|x86.Build.0 = Release|Win32
		{EB81FFAC-44BD-4B76-9B24-0944895F6AE3}.Debug|x64.ActiveCfg = Debug|x64
		{EB81FFAC-44BD-4B76-9B24-0944895F6AE3}.Debug|x64.Build.0 = Debug|x64
		{EB81FFAC-44BD-4B76-9B24-0944895F6AE3}.Debug|x86.ActiveCfg = Debug|Win32
		{EB81FFAC-44BD-4B76-9B24-0944895F6AE3}.Debug|x86.Build.0 = Debug|Win32
		{EB81FFAC-44BD-4B76-9B24-0944895F6AE3}.Release|x64.ActiveCfg = Release|x64
		{EB81FFAC-44BD-4B76-9B24-0944895F6AE3}.Release|x64.Build.0 = Release|x64
		{EB81FFAC-44BD-4B76-9B24-0944895F6AE3}.Release|x86.ActiveCfg = Release|Win32
		{EB81FFAC-44BD-4B76-9B24-0944895F6AE3}.Release|x86.Build.0 = Release|Win32
		{0267944C-7FA2-42F6-9118-C97EFEE298FB}.Debug|x64.ActiveCfg = Debug|x64
		{0267944C-7FA2-42F6-9118-C97EFEE298FB}.Debug|x64.Build.0 = Debug|x64
		{0267944C-7FA2-42F6-9118-C97EFEE298FB}.Debug|x86.ActiveCfg = Debug|Win32
		{0267944C-7FA2-42F6-9118-C97EFEE298FB}.Debug|x86.Build.0 = Debug|Win32
		{0267944C-7FA2-42F6-9118-C97EFEE298FB}.Release|x64.ActiveCfg = Release|x64
		{0267944C-7FA2-42F6-9118-C97EFEE298FB}.Release|x64.Build.0 = Release|x64
		{0267944C-7FA2-42F6-9118-C97EFEE298FB}.Release|x86.ActiveCfg = Release|Win32
		{0267944C-7FA2-42F6-9118-C97EFEE298FB}.Release|x86.Build.0 = Release|Win32
	EndGlobalSection
	GlobalSection(SolutionProperties) = preSolution
		HideSolutionNode = FALSE
	EndGlobalSection
	GlobalSection(ExtensibilityGlobals) = postSolution
		SolutionGuid = {7312F2E9-D5D3-4549-B448-DAA9278B2227}
	EndGlobalSection
EndGlobal
